
Microsoft Visual Studio Solution File, Format Version 12.00
# Visual Studio Version 16
VisualStudioVersion = 16.0.29102.190
MinimumVisualStudioVersion = 10.0.40219.1
Project("{FAE04EC0-301F-11D3-BF4B-00C04F79EFBC}") = "App01_ConsultarCEP.UWP", "App01_ConsultarCEP\App01_ConsultarCEP.UWP\App01_ConsultarCEP.UWP.csproj", "{0ABA4BAA-9094-4564-8BFD-950B6C94EB35}"
EndProject
Project("{FAE04EC0-301F-11D3-BF4B-00C04F79EFBC}") = "App01_ConsultarCEP.Android", "App01_ConsultarCEP\App01_ConsultarCEP.Android\App01_ConsultarCEP.Android.csproj", "{D19678E0-9B68-4CB3-AAB3-514FB4DAF7F8}"
EndProject
Project("{FAE04EC0-301F-11D3-BF4B-00C04F79EFBC}") = "App01_ConsultarCEP.iOS", "App01_ConsultarCEP\App01_ConsultarCEP.iOS\App01_ConsultarCEP.iOS.csproj", "{EFF0FE18-F721-4ACC-9EC8-C0F712E0BF41}"
EndProject
Project("{FAE04EC0-301F-11D3-BF4B-00C04F79EFBC}") = "App01_ConsultarCEP", "App01_ConsultarCEP\App01_ConsultarCEP\App01_ConsultarCEP.csproj", "{CA3F37D0-FB42-4062-8FB1-BA7D76A4D3C5}"
EndProject
Global
	GlobalSection(SolutionConfigurationPlatforms) = preSolution
		Debug|Any CPU = Debug|Any CPU
		Debug|ARM = Debug|ARM
		Debug|iPhone = Debug|iPhone
		Debug|iPhoneSimulator = Debug|iPhoneSimulator
		Debug|x64 = Debug|x64
		Debug|x86 = Debug|x86
		Release|Any CPU = Release|Any CPU
		Release|ARM = Release|ARM
		Release|iPhone = Release|iPhone
		Release|iPhoneSimulator = Release|iPhoneSimulator
		Release|x64 = Release|x64
		Release|x86 = Release|x86
	EndGlobalSection
	GlobalSection(ProjectConfigurationPlatforms) = postSolution
		{0ABA4BAA-9094-4564-8BFD-950B6C94EB35}.Debug|Any CPU.ActiveCfg = Debug|x86
		{0ABA4BAA-9094-4564-8BFD-950B6C94EB35}.Debug|Any CPU.Build.0 = Debug|x86
		{0ABA4BAA-9094-4564-8BFD-950B6C94EB35}.Debug|Any CPU.Deploy.0 = Debug|x86
		{0ABA4BAA-9094-4564-8BFD-950B6C94EB35}.Debug|ARM.ActiveCfg = Debug|ARM
		{0ABA4BAA-9094-4564-8BFD-950B6C94EB35}.Debug|ARM.Build.0 = Debug|ARM
		{0ABA4BAA-9094-4564-8BFD-950B6C94EB35}.Debug|ARM.Deploy.0 = Debug|ARM
		{0ABA4BAA-9094-4564-8BFD-950B6C94EB35}.Debug|iPhone.ActiveCfg = Debug|x86
		{0ABA4BAA-9094-4564-8BFD-950B6C94EB35}.Debug|iPhone.Build.0 = Debug|x86
		{0ABA4BAA-9094-4564-8BFD-950B6C94EB35}.Debug|iPhone.Deploy.0 = Debug|x86
		{0ABA4BAA-9094-4564-8BFD-950B6C94EB35}.Debug|iPhoneSimulator.ActiveCfg = Debug|x86
		{0ABA4BAA-9094-4564-8BFD-950B6C94EB35}.Debug|iPhoneSimulator.Build.0 = Debug|x86
		{0ABA4BAA-9094-4564-8BFD-950B6C94EB35}.Debug|iPhoneSimulator.Deploy.0 = Debug|x86
		{0ABA4BAA-9094-4564-8BFD-950B6C94EB35}.Debug|x64.ActiveCfg = Debug|x64
		{0ABA4BAA-9094-4564-8BFD-950B6C94EB35}.Debug|x64.Build.0 = Debug|x64
		{0ABA4BAA-9094-4564-8BFD-950B6C94EB35}.Debug|x64.Deploy.0 = Debug|x64
		{0ABA4BAA-9094-4564-8BFD-950B6C94EB35}.Debug|x86.ActiveCfg = Debug|x86
		{0ABA4BAA-9094-4564-8BFD-950B6C94EB35}.Debug|x86.Build.0 = Debug|x86
		{0ABA4BAA-9094-4564-8BFD-950B6C94EB35}.Debug|x86.Deploy.0 = Debug|x86
		{0ABA4BAA-9094-4564-8BFD-950B6C94EB35}.Release|Any CPU.ActiveCfg = Release|x86
		{0ABA4BAA-9094-4564-8BFD-950B6C94EB35}.Release|Any CPU.Build.0 = Release|x86
		{0ABA4BAA-9094-4564-8BFD-950B6C94EB35}.Release|Any CPU.Deploy.0 = Release|x86
		{0ABA4BAA-9094-4564-8BFD-950B6C94EB35}.Release|ARM.ActiveCfg = Release|ARM
		{0ABA4BAA-9094-4564-8BFD-950B6C94EB35}.Release|ARM.Build.0 = Release|ARM
		{0ABA4BAA-9094-4564-8BFD-950B6C94EB35}.Release|ARM.Deploy.0 = Release|ARM
		{0ABA4BAA-9094-4564-8BFD-950B6C94EB35}.Release|iPhone.ActiveCfg = Release|x86
		{0ABA4BAA-9094-4564-8BFD-950B6C94EB35}.Release|iPhone.Build.0 = Release|x86
		{0ABA4BAA-9094-4564-8BFD-950B6C94EB35}.Release|iPhone.Deploy.0 = Release|x86
		{0ABA4BAA-9094-4564-8BFD-950B6C94EB35}.Release|iPhoneSimulator.ActiveCfg = Release|x86
		{0ABA4BAA-9094-4564-8BFD-950B6C94EB35}.Release|iPhoneSimulator.Build.0 = Release|x86
		{0ABA4BAA-9094-4564-8BFD-950B6C94EB35}.Release|iPhoneSimulator.Deploy.0 = Release|x86
		{0ABA4BAA-9094-4564-8BFD-950B6C94EB35}.Release|x64.ActiveCfg = Release|x64
		{0ABA4BAA-9094-4564-8BFD-950B6C94EB35}.Release|x64.Build.0 = Release|x64
		{0ABA4BAA-9094-4564-8BFD-950B6C94EB35}.Release|x64.Deploy.0 = Release|x64
		{0ABA4BAA-9094-4564-8BFD-950B6C94EB35}.Release|x86.ActiveCfg = Release|x86
		{0ABA4BAA-9094-4564-8BFD-950B6C94EB35}.Release|x86.Build.0 = Release|x86
		{0ABA4BAA-9094-4564-8BFD-950B6C94EB35}.Release|x86.Deploy.0 = Release|x86
		{D19678E0-9B68-4CB3-AAB3-514FB4DAF7F8}.Debug|Any CPU.ActiveCfg = Debug|Any CPU
		{D19678E0-9B68-4CB3-AAB3-514FB4DAF7F8}.Debug|Any CPU.Build.0 = Debug|Any CPU
		{D19678E0-9B68-4CB3-AAB3-514FB4DAF7F8}.Debug|Any CPU.Deploy.0 = Debug|Any CPU
		{D19678E0-9B68-4CB3-AAB3-514FB4DAF7F8}.Debug|ARM.ActiveCfg = Debug|Any CPU
		{D19678E0-9B68-4CB3-AAB3-514FB4DAF7F8}.Debug|ARM.Build.0 = Debug|Any CPU
		{D19678E0-9B68-4CB3-AAB3-514FB4DAF7F8}.Debug|ARM.Deploy.0 = Debug|Any CPU
		{D19678E0-9B68-4CB3-AAB3-514FB4DAF7F8}.Debug|iPhone.ActiveCfg = Debug|Any CPU
		{D19678E0-9B68-4CB3-AAB3-514FB4DAF7F8}.Debug|iPhone.Build.0 = Debug|Any CPU
		{D19678E0-9B68-4CB3-AAB3-514FB4DAF7F8}.Debug|iPhone.Deploy.0 = Debug|Any CPU
		{D19678E0-9B68-4CB3-AAB3-514FB4DAF7F8}.Debug|iPhoneSimulator.ActiveCfg = Debug|Any CPU
		{D19678E0-9B68-4CB3-AAB3-514FB4DAF7F8}.Debug|iPhoneSimulator.Build.0 = Debug|Any CPU
		{D19678E0-9B68-4CB3-AAB3-514FB4DAF7F8}.Debug|iPhoneSimulator.Deploy.0 = Debug|Any CPU
		{D19678E0-9B68-4CB3-AAB3-514FB4DAF7F8}.Debug|x64.ActiveCfg = Debug|Any CPU
		{D19678E0-9B68-4CB3-AAB3-514FB4DAF7F8}.Debug|x64.Build.0 = Debug|Any CPU
		{D19678E0-9B68-4CB3-AAB3-514FB4DAF7F8}.Debug|x64.Deploy.0 = Debug|Any CPU
		{D19678E0-9B68-4CB3-AAB3-514FB4DAF7F8}.Debug|x86.ActiveCfg = Debug|Any CPU
		{D19678E0-9B68-4CB3-AAB3-514FB4DAF7F8}.Debug|x86.Build.0 = Debug|Any CPU
		{D19678E0-9B68-4CB3-AAB3-514FB4DAF7F8}.Debug|x86.Deploy.0 = Debug|Any CPU
		{D19678E0-9B68-4CB3-AAB3-514FB4DAF7F8}.Release|Any CPU.ActiveCfg = Release|Any CPU
		{D19678E0-9B68-4CB3-AAB3-514FB4DAF7F8}.Release|Any CPU.Build.0 = Release|Any CPU
		{D19678E0-9B68-4CB3-AAB3-514FB4DAF7F8}.Release|Any CPU.Deploy.0 = Release|Any CPU
		{D19678E0-9B68-4CB3-AAB3-514FB4DAF7F8}.Release|ARM.ActiveCfg = Release|Any CPU
		{D19678E0-9B68-4CB3-AAB3-514FB4DAF7F8}.Release|ARM.Build.0 = Release|Any CPU
		{D19678E0-9B68-4CB3-AAB3-514FB4DAF7F8}.Release|ARM.Deploy.0 = Release|Any CPU
		{D19678E0-9B68-4CB3-AAB3-514FB4DAF7F8}.Release|iPhone.ActiveCfg = Release|Any CPU
		{D19678E0-9B68-4CB3-AAB3-514FB4DAF7F8}.Release|iPhone.Build.0 = Release|Any CPU
		{D19678E0-9B68-4CB3-AAB3-514FB4DAF7F8}.Release|iPhone.Deploy.0 = Release|Any CPU
		{D19678E0-9B68-4CB3-AAB3-514FB4DAF7F8}.Release|iPhoneSimulator.ActiveCfg = Release|Any CPU
		{D19678E0-9B68-4CB3-AAB3-514FB4DAF7F8}.Release|iPhoneSimulator.Build.0 = Release|Any CPU
		{D19678E0-9B68-4CB3-AAB3-514FB4DAF7F8}.Release|iPhoneSimulator.Deploy.0 = Release|Any CPU
		{D19678E0-9B68-4CB3-AAB3-514FB4DAF7F8}.Release|x64.ActiveCfg = Release|Any CPU
		{D19678E0-9B68-4CB3-AAB3-514FB4DAF7F8}.Release|x64.Build.0 = Release|Any CPU
		{D19678E0-9B68-4CB3-AAB3-514FB4DAF7F8}.Release|x64.Deploy.0 = Release|Any CPU
		{D19678E0-9B68-4CB3-AAB3-514FB4DAF7F8}.Release|x86.ActiveCfg = Release|Any CPU
		{D19678E0-9B68-4CB3-AAB3-514FB4DAF7F8}.Release|x86.Build.0 = Release|Any CPU
		{D19678E0-9B68-4CB3-AAB3-514FB4DAF7F8}.Release|x86.Deploy.0 = Release|Any CPU
		{EFF0FE18-F721-4ACC-9EC8-C0F712E0BF41}.Debug|Any CPU.ActiveCfg = Debug|iPhone
		{EFF0FE18-F721-4ACC-9EC8-C0F712E0BF41}.Debug|Any CPU.Build.0 = Debug|iPhone
		{EFF0FE18-F721-4ACC-9EC8-C0F712E0BF41}.Debug|Any CPU.Deploy.0 = Debug|iPhone
		{EFF0FE18-F721-4ACC-9EC8-C0F712E0BF41}.Debug|ARM.ActiveCfg = Debug|iPhoneSimulator
		{EFF0FE18-F721-4ACC-9EC8-C0F712E0BF41}.Debug|ARM.Build.0 = Debug|iPhoneSimulator
		{EFF0FE18-F721-4ACC-9EC8-C0F712E0BF41}.Debug|ARM.Deploy.0 = Debug|iPhoneSimulator
		{EFF0FE18-F721-4ACC-9EC8-C0F712E0BF41}.Debug|iPhone.ActiveCfg = Debug|iPhone
		{EFF0FE18-F721-4ACC-9EC8-C0F712E0BF41}.Debug|iPhone.Build.0 = Debug|iPhone
		{EFF0FE18-F721-4ACC-9EC8-C0F712E0BF41}.Debug|iPhone.Deploy.0 = Debug|iPhone
		{EFF0FE18-F721-4ACC-9EC8-C0F712E0BF41}.Debug|iPhoneSimulator.ActiveCfg = Debug|iPhoneSimulator
		{EFF0FE18-F721-4ACC-9EC8-C0F712E0BF41}.Debug|iPhoneSimulator.Build.0 = Debug|iPhoneSimulator
		{EFF0FE18-F721-4ACC-9EC8-C0F712E0BF41}.Debug|iPhoneSimulator.Deploy.0 = Debug|iPhoneSimulator
		{EFF0FE18-F721-4ACC-9EC8-C0F712E0BF41}.Debug|x64.ActiveCfg = Debug|iPhone
		{EFF0FE18-F721-4ACC-9EC8-C0F712E0BF41}.Debug|x64.Build.0 = Debug|iPhone
		{EFF0FE18-F721-4ACC-9EC8-C0F712E0BF41}.Debug|x64.Deploy.0 = Debug|iPhone
		{EFF0FE18-F721-4ACC-9EC8-C0F712E0BF41}.Debug|x86.ActiveCfg = Debug|iPhone
		{EFF0FE18-F721-4ACC-9EC8-C0F712E0BF41}.Debug|x86.Build.0 = Debug|iPhone
		{EFF0FE18-F721-4ACC-9EC8-C0F712E0BF41}.Debug|x86.Deploy.0 = Debug|iPhone
		{EFF0FE18-F721-4ACC-9EC8-C0F712E0BF41}.Release|Any CPU.ActiveCfg = Release|iPhone
		{EFF0FE18-F721-4ACC-9EC8-C0F712E0BF41}.Release|Any CPU.Build.0 = Release|iPhone
		{EFF0FE18-F721-4ACC-9EC8-C0F712E0BF41}.Release|Any CPU.Deploy.0 = Release|iPhone
		{EFF0FE18-F721-4ACC-9EC8-C0F712E0BF41}.Release|ARM.ActiveCfg = Release|iPhone
		{EFF0FE18-F721-4ACC-9EC8-C0F712E0BF41}.Release|ARM.Build.0 = Release|iPhone
		{EFF0FE18-F721-4ACC-9EC8-C0F712E0BF41}.Release|ARM.Deploy.0 = Release|iPhone
		{EFF0FE18-F721-4ACC-9EC8-C0F712E0BF41}.Release|iPhone.ActiveCfg = Release|iPhone
		{EFF0FE18-F721-4ACC-9EC8-C0F712E0BF41}.Release|iPhone.Build.0 = Release|iPhone
		{EFF0FE18-F721-4ACC-9EC8-C0F712E0BF41}.Release|iPhone.Deploy.0 = Release|iPhone
		{EFF0FE18-F721-4ACC-9EC8-C0F712E0BF41}.Release|iPhoneSimulator.ActiveCfg = Release|iPhoneSimulator
		{EFF0FE18-F721-4ACC-9EC8-C0F712E0BF41}.Release|iPhoneSimulator.Build.0 = Release|iPhoneSimulator
		{EFF0FE18-F721-4ACC-9EC8-C0F712E0BF41}.Release|iPhoneSimulator.Deploy.0 = Release|iPhoneSimulator
		{EFF0FE18-F721-4ACC-9EC8-C0F712E0BF41}.Release|x64.ActiveCfg = Release|iPhone
		{EFF0FE18-F721-4ACC-9EC8-C0F712E0BF41}.Release|x64.Build.0 = Release|iPhone
		{EFF0FE18-F721-4ACC-9EC8-C0F712E0BF41}.Release|x64.Deploy.0 = Release|iPhone
		{EFF0FE18-F721-4ACC-9EC8-C0F712E0BF41}.Release|x86.ActiveCfg = Release|iPhone
		{EFF0FE18-F721-4ACC-9EC8-C0F712E0BF41}.Release|x86.Build.0 = Release|iPhone
		{EFF0FE18-F721-4ACC-9EC8-C0F712E0BF41}.Release|x86.Deploy.0 = Release|iPhone
		{CA3F37D0-FB42-4062-8FB1-BA7D76A4D3C5}.Debug|Any CPU.ActiveCfg = Debug|Any CPU
		{CA3F37D0-FB42-4062-8FB1-BA7D76A4D3C5}.Debug|Any CPU.Build.0 = Debug|Any CPU
		{CA3F37D0-FB42-4062-8FB1-BA7D76A4D3C5}.Debug|Any CPU.Deploy.0 = Debug|Any CPU
		{CA3F37D0-FB42-4062-8FB1-BA7D76A4D3C5}.Debug|ARM.ActiveCfg = Debug|Any CPU
		{CA3F37D0-FB42-4062-8FB1-BA7D76A4D3C5}.Debug|ARM.Build.0 = Debug|Any CPU
		{CA3F37D0-FB42-4062-8FB1-BA7D76A4D3C5}.Debug|ARM.Deploy.0 = Debug|Any CPU
		{CA3F37D0-FB42-4062-8FB1-BA7D76A4D3C5}.Debug|iPhone.ActiveCfg = Debug|Any CPU
		{CA3F37D0-FB42-4062-8FB1-BA7D76A4D3C5}.Debug|iPhone.Build.0 = Debug|Any CPU
		{CA3F37D0-FB42-4062-8FB1-BA7D76A4D3C5}.Debug|iPhone.Deploy.0 = Debug|Any CPU
		{CA3F37D0-FB42-4062-8FB1-BA7D76A4D3C5}.Debug|iPhoneSimulator.ActiveCfg = Debug|Any CPU
		{CA3F37D0-FB42-4062-8FB1-BA7D76A4D3C5}.Debug|iPhoneSimulator.Build.0 = Debug|Any CPU
		{CA3F37D0-FB42-4062-8FB1-BA7D76A4D3C5}.Debug|iPhoneSimulator.Deploy.0 = Debug|Any CPU
		{CA3F37D0-FB42-4062-8FB1-BA7D76A4D3C5}.Debug|x64.ActiveCfg = Debug|Any CPU
		{CA3F37D0-FB42-4062-8FB1-BA7D76A4D3C5}.Debug|x64.Build.0 = Debug|Any CPU
		{CA3F37D0-FB42-4062-8FB1-BA7D76A4D3C5}.Debug|x64.Deploy.0 = Debug|Any CPU
		{CA3F37D0-FB42-4062-8FB1-BA7D76A4D3C5}.Debug|x86.ActiveCfg = Debug|Any CPU
		{CA3F37D0-FB42-4062-8FB1-BA7D76A4D3C5}.Debug|x86.Build.0 = Debug|Any CPU
		{CA3F37D0-FB42-4062-8FB1-BA7D76A4D3C5}.Debug|x86.Deploy.0 = Debug|Any CPU
		{CA3F37D0-FB42-4062-8FB1-BA7D76A4D3C5}.Release|Any CPU.ActiveCfg = Release|Any CPU
		{CA3F37D0-FB42-4062-8FB1-BA7D76A4D3C5}.Release|Any CPU.Build.0 = Release|Any CPU
		{CA3F37D0-FB42-4062-8FB1-BA7D76A4D3C5}.Release|Any CPU.Deploy.0 = Release|Any CPU
		{CA3F37D0-FB42-4062-8FB1-BA7D76A4D3C5}.Release|ARM.ActiveCfg = Release|Any CPU
		{CA3F37D0-FB42-4062-8FB1-BA7D76A4D3C5}.Release|ARM.Build.0 = Release|Any CPU
		{CA3F37D0-FB42-4062-8FB1-BA7D76A4D3C5}.Release|ARM.Deploy.0 = Release|Any CPU
		{CA3F37D0-FB42-4062-8FB1-BA7D76A4D3C5}.Release|iPhone.ActiveCfg = Release|Any CPU
		{CA3F37D0-FB42-4062-8FB1-BA7D76A4D3C5}.Release|iPhone.Build.0 = Release|Any CPU
		{CA3F37D0-FB42-4062-8FB1-BA7D76A4D3C5}.Release|iPhone.Deploy.0 = Release|Any CPU
		{CA3F37D0-FB42-4062-8FB1-BA7D76A4D3C5}.Release|iPhoneSimulator.ActiveCfg = Release|Any CPU
		{CA3F37D0-FB42-4062-8FB1-BA7D76A4D3C5}.Release|iPhoneSimulator.Build.0 = Release|Any CPU
		{CA3F37D0-FB42-4062-8FB1-BA7D76A4D3C5}.Release|iPhoneSimulator.Deploy.0 = Release|Any CPU
		{CA3F37D0-FB42-4062-8FB1-BA7D76A4D3C5}.Release|x64.ActiveCfg = Release|Any CPU
		{CA3F37D0-FB42-4062-8FB1-BA7D76A4D3C5}.Release|x64.Build.0 = Release|Any CPU
		{CA3F37D0-FB42-4062-8FB1-BA7D76A4D3C5}.Release|x64.Deploy.0 = Release|Any CPU
		{CA3F37D0-FB42-4062-8FB1-BA7D76A4D3C5}.Release|x86.ActiveCfg = Release|Any CPU
		{CA3F37D0-FB42-4062-8FB1-BA7D76A4D3C5}.Release|x86.Build.0 = Release|Any CPU
		{CA3F37D0-FB42-4062-8FB1-BA7D76A4D3C5}.Release|x86.Deploy.0 = Release|Any CPU
	EndGlobalSection
	GlobalSection(SolutionProperties) = preSolution
		HideSolutionNode = FALSE
	EndGlobalSection
	GlobalSection(ExtensibilityGlobals) = postSolution
		SolutionGuid = {E64BC899-B092-42AD-AED4-5327A1A01847}
	EndGlobalSection
EndGlobal
